
Microsoft Visual Studio Solution File, Format Version 12.00
# Visual Studio Version 17
VisualStudioVersion = 17.3.32901.215
MinimumVisualStudioVersion = 10.0.40219.1
Project("{FAE04EC0-301F-11D3-BF4B-00C04F79EFBC}") = "yazılıortalamahesaplama", "yazılıortalamahesaplama\yazılıortalamahesaplama.csproj", "{44932BD3-96BF-4A0E-9308-684BBA7F3B29}"
EndProject
Global
	GlobalSection(SolutionConfigurationPlatforms) = preSolution
		Debug|Any CPU = Debug|Any CPU
		Release|Any CPU = Release|Any CPU
	EndGlobalSection
	GlobalSection(ProjectConfigurationPlatforms) = postSolution
		{44932BD3-96BF-4A0E-9308-684BBA7F3B29}.Debug|Any CPU.ActiveCfg = Debug|Any CPU
		{44932BD3-96BF-4A0E-9308-684BBA7F3B29}.Debug|Any CPU.Build.0 = Debug|Any CPU
		{44932BD3-96BF-4A0E-9308-684BBA7F3B29}.Release|Any CPU.ActiveCfg = Release|Any CPU
		{44932BD3-96BF-4A0E-9308-684BBA7F3B29}.Release|Any CPU.Build.0 = Release|Any CPU
	EndGlobalSection
	GlobalSection(SolutionProperties) = preSolution
		HideSolutionNode = FALSE
	EndGlobalSection
	GlobalSection(ExtensibilityGlobals) = postSolution
		SolutionGuid = {16E216A8-C91D-429C-AE0C-89D517BEA558}
	EndGlobalSection
EndGlobal
